{
    "version": "5",
      "specifiers": {
            "npm:@aws-sdk/client-s3@3.1136.0": "3.1136.0",
                "npm:@cloudflare/workers-types@^4.20240718.0": "4.20260702.1",
                    "npm:@fontsource/zilla-slab@^5.3.0": "5.3.0",
                        "npm:@google/genai@^2.23.0": "2.23.0",
                            "npm:@libsql/client@*": "0.18.0",
                                "npm:@libsql/client@0.18": "0.18.0",
                                    "npm:@sentry/cli@^3.8.0": "3.8.0",
                                        "npm:@sentry/cloudflare@^10.66.0": "10.66.0_@cloudflare+workers-types@4.20260702.1",
                                            "npm:@sentry/deno@^10.75.0": "10.75.0",
                                                "npm:@types/node@26.6.1": "26.6.1",
                                                    "npm:@typescript-eslint/eslint-plugin@^8.70.0": "8.70.0_@typescript-eslint+parser@8.70.0__eslint@10.10.0__typescript@5.9.3_eslint@10.10.0_typescript@5.9.3",
                                                        "npm:@typescript-eslint/parser@^8.70.0": "8.70.0_eslint@10.10.0_typescript@5.9.3",
                                                            "npm:@vitest/coverage-v8@^5.0.1": "5.0.1_vitest@5.0.1_@types+node@26.6.1_vite@8.3.0__@types+node@26.6.1",
                                                                "n
      }
}